// !$*UTF8*$!
{
	archiveVersion = 1;
	classes = {
	};
	objectVersion = 48;
	objects = {

/* Begin PBXBuildFile section */
		1128AAF8BCB66552A4253BD6 /* Pods_Filer_Reader.framework in Frameworks */ = {isa = PBXBuildFile; fileRef = 2B06BCE9C67A5263713C4161 /* Pods_Filer_Reader.framework */; };
		6938C1961F977EF8008BCDD0 /* UIColor+Corporate.swift in Sources */ = {isa = PBXBuildFile; fileRef = 6938C1951F977EF8008BCDD0 /* UIColor+Corporate.swift */; };
		6938C1A01F978056008BCDD0 /* FRSpinner.swift in Sources */ = {isa = PBXBuildFile; fileRef = 6938C19D1F978056008BCDD0 /* FRSpinner.swift */; };
		6938C1A11F978056008BCDD0 /* FRWordTableViewCell.swift in Sources */ = {isa = PBXBuildFile; fileRef = 6938C19F1F978056008BCDD0 /* FRWordTableViewCell.swift */; };
		7D96CCFD571DD02F84E9876B /* Pods_Filer_ReaderTests.framework in Frameworks */ = {isa = PBXBuildFile; fileRef = A5DED38938D1FC9F3445977F /* Pods_Filer_ReaderTests.framework */; };
		D2B7939F1F969C750030A84C /* ViewController.swift in Sources */ = {isa = PBXBuildFile; fileRef = D2B7939E1F969C740030A84C /* ViewController.swift */; };
		D2B793A21F969CBB0030A84C /* FIleReaderManager.swift in Sources */ = {isa = PBXBuildFile; fileRef = D2B793A11F969CBB0030A84C /* FIleReaderManager.swift */; };
		D2B793A71F96A0760030A84C /* WordCountModel.swift in Sources */ = {isa = PBXBuildFile; fileRef = D2B793A61F96A0760030A84C /* WordCountModel.swift */; };
		D2E66FFF1F97EED1002EB5AA /* Localizable.strings in Resources */ = {isa = PBXBuildFile; fileRef = D2E66FFE1F97EED1002EB5AA /* Localizable.strings */; };
		D2E670031F9806CF002EB5AA /* FIleReaderManager.swift in Sources */ = {isa = PBXBuildFile; fileRef = D2B793A11F969CBB0030A84C /* FIleReaderManager.swift */; };
		D2E670041F9806CF002EB5AA /* FRSpinner.swift in Sources */ = {isa = PBXBuildFile; fileRef = 6938C19D1F978056008BCDD0 /* FRSpinner.swift */; };
		D2E670051F9806CF002EB5AA /* FRWordTableViewCell.swift in Sources */ = {isa = PBXBuildFile; fileRef = 6938C19F1F978056008BCDD0 /* FRWordTableViewCell.swift */; };
		D2E670061F9806CF002EB5AA /* UIColor+Corporate.swift in Sources */ = {isa = PBXBuildFile; fileRef = 6938C1951F977EF8008BCDD0 /* UIColor+Corporate.swift */; };
		D2E670071F9806CF002EB5AA /* WordCountModel.swift in Sources */ = {isa = PBXBuildFile; fileRef = D2B793A61F96A0760030A84C /* WordCountModel.swift */; };
		D2E670081F9806CF002EB5AA /* ViewController.swift in Sources */ = {isa = PBXBuildFile; fileRef = D2B7939E1F969C740030A84C /* ViewController.swift */; };
		D2E670091F9806CF002EB5AA /* AppDelegate.swift in Sources */ = {isa = PBXBuildFile; fileRef = D2F86CDD1F9698ED00D90014 /* AppDelegate.swift */; };
		D2E6700B1F9806CF002EB5AA /* Pods_Filer_Reader.framework in Frameworks */ = {isa = PBXBuildFile; fileRef = 2B06BCE9C67A5263713C4161 /* Pods_Filer_Reader.framework */; };
		D2E6700E1F9806CF002EB5AA /* Localizable.strings in Resources */ = {isa = PBXBuildFile; fileRef = D2E66FFE1F97EED1002EB5AA /* Localizable.strings */; };
		D2E6700F1F9806CF002EB5AA /* LaunchScreen.storyboard in Resources */ = {isa = PBXBuildFile; fileRef = D2F86CE61F9698ED00D90014 /* LaunchScreen.storyboard */; };
		D2E670101F9806CF002EB5AA /* Assets.xcassets in Resources */ = {isa = PBXBuildFile; fileRef = D2F86CE41F9698ED00D90014 /* Assets.xcassets */; };
		D2E670111F9806CF002EB5AA /* inputText.txt in Resources */ = {isa = PBXBuildFile; fileRef = D2B7939A1F969BED0030A84C /* inputText.txt */; };
		D2E670121F9806CF002EB5AA /* Main.storyboard in Resources */ = {isa = PBXBuildFile; fileRef = D2F86CE11F9698ED00D90014 /* Main.storyboard */; };
		D2E6701A1F980739002EB5AA /* inputText.txt in Resources */ = {isa = PBXBuildFile; fileRef = D2B793981F969BED0030A84C /* inputText.txt */; };
		D2F86CDE1F9698ED00D90014 /* AppDelegate.swift in Sources */ = {isa = PBXBuildFile; fileRef = D2F86CDD1F9698ED00D90014 /* AppDelegate.swift */; };
		D2F86CE31F9698ED00D90014 /* Main.storyboard in Resources */ = {isa = PBXBuildFile; fileRef = D2F86CE11F9698ED00D90014 /* Main.storyboard */; };
		D2F86CE51F9698ED00D90014 /* Assets.xcassets in Resources */ = {isa = PBXBuildFile; fileRef = D2F86CE41F9698ED00D90014 /* Assets.xcassets */; };
		D2F86CE81F9698ED00D90014 /* LaunchScreen.storyboard in Resources */ = {isa = PBXBuildFile; fileRef = D2F86CE61F9698ED00D90014 /* LaunchScreen.storyboard */; };
		D2F86CF31F9698ED00D90014 /* Filer_ReaderTests.swift in Sources */ = {isa = PBXBuildFile; fileRef = D2F86CF21F9698ED00D90014 /* Filer_ReaderTests.swift */; };
/* End PBXBuildFile section */

/* Begin PBXContainerItemProxy section */
		D2F86CEF1F9698ED00D90014 /* PBXContainerItemProxy */ = {
			isa = PBXContainerItemProxy;
			containerPortal = D2F86CD21F9698ED00D90014 /* Project object */;
			proxyType = 1;
			remoteGlobalIDString = D2F86CD91F9698ED00D90014;
			remoteInfo = "Filer Reader";
		};
/* End PBXContainerItemProxy section */

/* Begin PBXFileReference section */
		04A6153A17A01BB022B32208 /* Pods-Filer Reader.debug.xcconfig */ = {isa = PBXFileReference; includeInIndex = 1; lastKnownFileType = text.xcconfig; name = "Pods-Filer Reader.debug.xcconfig"; path = "Pods/Target Support Files/Pods-Filer Reader/Pods-Filer Reader.debug.xcconfig"; sourceTree = "<group>"; };
		2B06BCE9C67A5263713C4161 /* Pods_Filer_Reader.framework */ = {isa = PBXFileReference; explicitFileType = wrapper.framework; includeInIndex = 0; path = Pods_Filer_Reader.framework; sourceTree = BUILT_PRODUCTS_DIR; };
		6938C1951F977EF8008BCDD0 /* UIColor+Corporate.swift */ = {isa = PBXFileReference; lastKnownFileType = sourcecode.swift; path = "UIColor+Corporate.swift"; sourceTree = "<group>"; };
		6938C19D1F978056008BCDD0 /* FRSpinner.swift */ = {isa = PBXFileReference; fileEncoding = 4; lastKnownFileType = sourcecode.swift; path = FRSpinner.swift; sourceTree = "<group>"; };
		6938C19F1F978056008BCDD0 /* FRWordTableViewCell.swift */ = {isa = PBXFileReference; fileEncoding = 4; lastKnownFileType = sourcecode.swift; path = FRWordTableViewCell.swift; sourceTree = "<group>"; };
		739C1F742B6D109E4D11E2DA /* Pods-Filer ReaderTests.release.xcconfig */ = {isa = PBXFileReference; includeInIndex = 1; lastKnownFileType = text.xcconfig; name = "Pods-Filer ReaderTests.release.xcconfig"; path = "Pods/Target Support Files/Pods-Filer ReaderTests/Pods-Filer ReaderTests.release.xcconfig"; sourceTree = "<group>"; };
		959EBC451A983C5AB05AE8C2 /* Pods-Filer Reader.release.xcconfig */ = {isa = PBXFileReference; includeInIndex = 1; lastKnownFileType = text.xcconfig; name = "Pods-Filer Reader.release.xcconfig"; path = "Pods/Target Support Files/Pods-Filer Reader/Pods-Filer Reader.release.xcconfig"; sourceTree = "<group>"; };
		A5DED38938D1FC9F3445977F /* Pods_Filer_ReaderTests.framework */ = {isa = PBXFileReference; explicitFileType = wrapper.framework; includeInIndex = 0; path = Pods_Filer_ReaderTests.framework; sourceTree = BUILT_PRODUCTS_DIR; };
		C5E3C18B580BE0AC9FD25AA9 /* Pods-Filer ReaderTests.debug.xcconfig */ = {isa = PBXFileReference; includeInIndex = 1; lastKnownFileType = text.xcconfig; name = "Pods-Filer ReaderTests.debug.xcconfig"; path = "Pods/Target Support Files/Pods-Filer ReaderTests/Pods-Filer ReaderTests.debug.xcconfig"; sourceTree = "<group>"; };
		D2B793981F969BED0030A84C /* inputText.txt */ = {isa = PBXFileReference; fileEncoding = 4; lastKnownFileType = text; path = inputText.txt; sourceTree = "<group>"; };
		D2B7939A1F969BED0030A84C /* inputText.txt */ = {isa = PBXFileReference; fileEncoding = 4; lastKnownFileType = text; path = inputText.txt; sourceTree = "<group>"; };
		D2B7939E1F969C740030A84C /* ViewController.swift */ = {isa = PBXFileReference; fileEncoding = 4; lastKnownFileType = sourcecode.swift; path = ViewController.swift; sourceTree = "<group>"; };
		D2B793A11F969CBB0030A84C /* FIleReaderManager.swift */ = {isa = PBXFileReference; lastKnownFileType = sourcecode.swift; path = FIleReaderManager.swift; sourceTree = "<group>"; };
		D2B793A61F96A0760030A84C /* WordCountModel.swift */ = {isa = PBXFileReference; lastKnownFileType = sourcecode.swift; path = WordCountModel.swift; sourceTree = "<group>"; };
		D2E66FFE1F97EED1002EB5AA /* Localizable.strings */ = {isa = PBXFileReference; lastKnownFileType = text.plist.strings; path = Localizable.strings; sourceTree = "<group>"; };
		D2E670181F9806CF002EB5AA /* Filer Reader Big.app */ = {isa = PBXFileReference; explicitFileType = wrapper.application; includeInIndex = 0; path = "Filer Reader Big.app"; sourceTree = BUILT_PRODUCTS_DIR; };
		D2E670191F9806CF002EB5AA /* Filer Reader copy-Info.plist */ = {isa = PBXFileReference; lastKnownFileType = text.plist.xml; name = "Filer Reader copy-Info.plist"; path = "/Users/ragden/Documents/Proyectos/Edgar/iSalud/proyecto/codigo/Filer Reader/Filer Reader copy-Info.plist"; sourceTree = "<absolute>"; };
		D2F86CDA1F9698ED00D90014 /* Filer Reader Small.app */ = {isa = PBXFileReference; explicitFileType = wrapper.application; includeInIndex = 0; path = "Filer Reader Small.app"; sourceTree = BUILT_PRODUCTS_DIR; };
		D2F86CDD1F9698ED00D90014 /* AppDelegate.swift */ = {isa = PBXFileReference; lastKnownFileType = sourcecode.swift; path = AppDelegate.swift; sourceTree = "<group>"; };
		D2F86CE21F9698ED00D90014 /* Base */ = {isa = PBXFileReference; lastKnownFileType = file.storyboard; name = Base; path = Base.lproj/Main.storyboard; sourceTree = "<group>"; };
		D2F86CE41F9698ED00D90014 /* Assets.xcassets */ = {isa = PBXFileReference; lastKnownFileType = folder.assetcatalog; path = Assets.xcassets; sourceTree = "<group>"; };
		D2F86CE71F9698ED00D90014 /* Base */ = {isa = PBXFileReference; lastKnownFileType = file.storyboard; name = Base; path = Base.lproj/LaunchScreen.storyboard; sourceTree = "<group>"; };
		D2F86CE91F9698ED00D90014 /* Info.plist */ = {isa = PBXFileReference; lastKnownFileType = text.plist.xml; path = Info.plist; sourceTree = "<group>"; };
		D2F86CEE1F9698ED00D90014 /* Filer ReaderTests.xctest */ = {isa = PBXFileReference; explicitFileType = wrapper.cfbundle; includeInIndex = 0; path = "Filer ReaderTests.xctest"; sourceTree = BUILT_PRODUCTS_DIR; };
		D2F86CF21F9698ED00D90014 /* Filer_ReaderTests.swift */ = {isa = PBXFileReference; lastKnownFileType = sourcecode.swift; path = Filer_ReaderTests.swift; sourceTree = "<group>"; };
		D2F86CF41F9698ED00D90014 /* Info.plist */ = {isa = PBXFileReference; lastKnownFileType = text.plist.xml; path = Info.plist; sourceTree = "<group>"; };
/* End PBXFileReference section */

/* Begin PBXFrameworksBuildPhase section */
		D2E6700A1F9806CF002EB5AA /* Frameworks */ = {
			isa = PBXFrameworksBuildPhase;
			buildActionMask = 2147483647;
			files = (
				D2E6700B1F9806CF002EB5AA /* Pods_Filer_Reader.framework in Frameworks */,
			);
			runOnlyForDeploymentPostprocessing = 0;
		};
		D2F86CD71F9698ED00D90014 /* Frameworks */ = {
			isa = PBXFrameworksBuildPhase;
			buildActionMask = 2147483647;
			files = (
				1128AAF8BCB66552A4253BD6 /* Pods_Filer_Reader.framework in Frameworks */,
			);
			runOnlyForDeploymentPostprocessing = 0;
		};
		D2F86CEB1F9698ED00D90014 /* Frameworks */ = {
			isa = PBXFrameworksBuildPhase;
			buildActionMask = 2147483647;
			files = (
				7D96CCFD571DD02F84E9876B /* Pods_Filer_ReaderTests.framework in Frameworks */,
			);
			runOnlyForDeploymentPostprocessing = 0;
		};
/* End PBXFrameworksBuildPhase section */

/* Begin PBXGroup section */
		6938C1931F977EBB008BCDD0 /* Extensions */ = {
			isa = PBXGroup;
			children = (
				6938C1941F977EC5008BCDD0 /* Color */,
			);
			path = Extensions;
			sourceTree = "<group>";
		};
		6938C1941F977EC5008BCDD0 /* Color */ = {
			isa = PBXGroup;
			children = (
				6938C1951F977EF8008BCDD0 /* UIColor+Corporate.swift */,
			);
			path = Color;
			sourceTree = "<group>";
		};
		6938C19B1F978056008BCDD0 /* Views */ = {
			isa = PBXGroup;
			children = (
				6938C19C1F978056008BCDD0 /* Spinner */,
				6938C19E1F978056008BCDD0 /* UITableViewCell */,
			);
			path = Views;
			sourceTree = "<group>";
		};
		6938C19C1F978056008BCDD0 /* Spinner */ = {
			isa = PBXGroup;
			children = (
				6938C19D1F978056008BCDD0 /* FRSpinner.swift */,
			);
			path = Spinner;
			sourceTree = "<group>";
		};
		6938C19E1F978056008BCDD0 /* UITableViewCell */ = {
			isa = PBXGroup;
			children = (
				6938C19F1F978056008BCDD0 /* FRWordTableViewCell.swift */,
			);
			path = UITableViewCell;
			sourceTree = "<group>";
		};
		D2B793951F969B650030A84C /* Resources */ = {
			isa = PBXGroup;
			children = (
				D2B793961F969B750030A84C /* Files */,
			);
			path = Resources;
			sourceTree = "<group>";
		};
		D2B793961F969B750030A84C /* Files */ = {
			isa = PBXGroup;
			children = (
				D2B793971F969BED0030A84C /* small */,
				D2B793991F969BED0030A84C /* big */,
				D2E66FFE1F97EED1002EB5AA /* Localizable.strings */,
			);
			path = Files;
			sourceTree = "<group>";
		};
		D2B793971F969BED0030A84C /* small */ = {
			isa = PBXGroup;
			children = (
				D2B793981F969BED0030A84C /* inputText.txt */,
			);
			path = small;
			sourceTree = "<group>";
		};
		D2B793991F969BED0030A84C /* big */ = {
			isa = PBXGroup;
			children = (
				D2B7939A1F969BED0030A84C /* inputText.txt */,
			);
			path = big;
			sourceTree = "<group>";
		};
		D2B7939D1F969C610030A84C /* ViewControllers */ = {
			isa = PBXGroup;
			children = (
				D2B7939E1F969C740030A84C /* ViewController.swift */,
			);
			path = ViewControllers;
			sourceTree = "<group>";
		};
		D2B793A01F969C900030A84C /* Managers */ = {
			isa = PBXGroup;
			children = (
				D2B793A11F969CBB0030A84C /* FIleReaderManager.swift */,
			);
			path = Managers;
			sourceTree = "<group>";
		};
		D2B793A51F969E750030A84C /* Models */ = {
			isa = PBXGroup;
			children = (
				D2B793A61F96A0760030A84C /* WordCountModel.swift */,
			);
			path = Models;
			sourceTree = "<group>";
		};
		D2F86CD11F9698ED00D90014 = {
			isa = PBXGroup;
			children = (
				D2F86CDC1F9698ED00D90014 /* Filer Reader */,
				D2B793951F969B650030A84C /* Resources */,
				D2F86CF11F9698ED00D90014 /* Filer ReaderTests */,
				D2F86CDB1F9698ED00D90014 /* Products */,
				F26969B402AE6FAA91C2BE22 /* Pods */,
				E6783219E81583ED70FBA693 /* Frameworks */,
				D2E670191F9806CF002EB5AA /* Filer Reader copy-Info.plist */,
			);
			sourceTree = "<group>";
		};
		D2F86CDB1F9698ED00D90014 /* Products */ = {
			isa = PBXGroup;
			children = (
				D2F86CDA1F9698ED00D90014 /* Filer Reader Small.app */,
				D2F86CEE1F9698ED00D90014 /* Filer ReaderTests.xctest */,
				D2E670181F9806CF002EB5AA /* Filer Reader Big.app */,
			);
			name = Products;
			sourceTree = "<group>";
		};
		D2F86CDC1F9698ED00D90014 /* Filer Reader */ = {
			isa = PBXGroup;
			children = (
				6938C1931F977EBB008BCDD0 /* Extensions */,
				D2B793A01F969C900030A84C /* Managers */,
				D2B793A51F969E750030A84C /* Models */,
				D2B7939D1F969C610030A84C /* ViewControllers */,
				6938C19B1F978056008BCDD0 /* Views */,
				D2F86CDD1F9698ED00D90014 /* AppDelegate.swift */,
				D2F86CE11F9698ED00D90014 /* Main.storyboard */,
				D2F86CE41F9698ED00D90014 /* Assets.xcassets */,
				D2F86CE61F9698ED00D90014 /* LaunchScreen.storyboard */,
				D2F86CE91F9698ED00D90014 /* Info.plist */,
			);
			path = "Filer Reader";
			sourceTree = "<group>";
		};
		D2F86CF11F9698ED00D90014 /* Filer ReaderTests */ = {
			isa = PBXGroup;
			children = (
				D2F86CF21F9698ED00D90014 /* Filer_ReaderTests.swift */,
				D2F86CF41F9698ED00D90014 /* Info.plist */,
			);
			path = "Filer ReaderTests";
			sourceTree = "<group>";
		};
		E6783219E81583ED70FBA693 /* Frameworks */ = {
			isa = PBXGroup;
			children = (
				2B06BCE9C67A5263713C4161 /* Pods_Filer_Reader.framework */,
				A5DED38938D1FC9F3445977F /* Pods_Filer_ReaderTests.framework */,
			);
			name = Frameworks;
			sourceTree = "<group>";
		};
		F26969B402AE6FAA91C2BE22 /* Pods */ = {
			isa = PBXGroup;
			children = (
				04A6153A17A01BB022B32208 /* Pods-Filer Reader.debug.xcconfig */,
				959EBC451A983C5AB05AE8C2 /* Pods-Filer Reader.release.xcconfig */,
				C5E3C18B580BE0AC9FD25AA9 /* Pods-Filer ReaderTests.debug.xcconfig */,
				739C1F742B6D109E4D11E2DA /* Pods-Filer ReaderTests.release.xcconfig */,
			);
			name = Pods;
			sourceTree = "<group>";
		};
/* End PBXGroup section */

/* Begin PBXNativeTarget section */
		D2E670001F9806CF002EB5AA /* Filer Reader Big */ = {
			isa = PBXNativeTarget;
			buildConfigurationList = D2E670151F9806CF002EB5AA /* Build configuration list for PBXNativeTarget "Filer Reader Big" */;
			buildPhases = (
				D2E670011F9806CF002EB5AA /* [CP] Check Pods Manifest.lock */,
				D2E670021F9806CF002EB5AA /* Sources */,
				D2E6700A1F9806CF002EB5AA /* Frameworks */,
				D2E6700C1F9806CF002EB5AA /* Resources */,
				D2E670131F9806CF002EB5AA /* [CP] Embed Pods Frameworks */,
				D2E670141F9806CF002EB5AA /* [CP] Copy Pods Resources */,
			);
			buildRules = (
			);
			dependencies = (
			);
			name = "Filer Reader Big";
			productName = "Filer Reader";
			productReference = D2E670181F9806CF002EB5AA /* Filer Reader Big.app */;
			productType = "com.apple.product-type.application";
		};
		D2F86CD91F9698ED00D90014 /* Filer Reader Small */ = {
			isa = PBXNativeTarget;
			buildConfigurationList = D2F86CF71F9698ED00D90014 /* Build configuration list for PBXNativeTarget "Filer Reader Small" */;
			buildPhases = (
				71CF3C91574CF50221681003 /* [CP] Check Pods Manifest.lock */,
				D2F86CD61F9698ED00D90014 /* Sources */,
				D2F86CD71F9698ED00D90014 /* Frameworks */,
				D2F86CD81F9698ED00D90014 /* Resources */,
				CC49E305B00805CB68B39A78 /* [CP] Embed Pods Frameworks */,
				EC04DB5D7B5758892B96764F /* [CP] Copy Pods Resources */,
			);
			buildRules = (
			);
			dependencies = (
			);
			name = "Filer Reader Small";
			productName = "Filer Reader";
			productReference = D2F86CDA1F9698ED00D90014 /* Filer Reader Small.app */;
			productType = "com.apple.product-type.application";
		};
		D2F86CED1F9698ED00D90014 /* Filer ReaderTests */ = {
			isa = PBXNativeTarget;
			buildConfigurationList = D2F86CFA1F9698ED00D90014 /* Build configuration list for PBXNativeTarget "Filer ReaderTests" */;
			buildPhases = (
				550B322C20176DA6AE7DB1C7 /* [CP] Check Pods Manifest.lock */,
				D2F86CEA1F9698ED00D90014 /* Sources */,
				D2F86CEB1F9698ED00D90014 /* Frameworks */,
				D2F86CEC1F9698ED00D90014 /* Resources */,
				17A950F427A87EE4A0E7C54E /* [CP] Embed Pods Frameworks */,
				F20613697F4DC3D9357AEFBE /* [CP] Copy Pods Resources */,
			);
			buildRules = (
			);
			dependencies = (
				D2F86CF01F9698ED00D90014 /* PBXTargetDependency */,
			);
			name = "Filer ReaderTests";
			productName = "Filer ReaderTests";
			productReference = D2F86CEE1F9698ED00D90014 /* Filer ReaderTests.xctest */;
			productType = "com.apple.product-type.bundle.unit-test";
		};
/* End PBXNativeTarget section */

/* Begin PBXProject section */
		D2F86CD21F9698ED00D90014 /* Project object */ = {
			isa = PBXProject;
			attributes = {
				LastSwiftUpdateCheck = 0900;
				LastUpgradeCheck = 0900;
				ORGANIZATIONNAME = "edgar paz moreno";
				TargetAttributes = {
					D2E670001F9806CF002EB5AA = {
						ProvisioningStyle = Automatic;
					};
					D2F86CD91F9698ED00D90014 = {
						CreatedOnToolsVersion = 9.0;
						ProvisioningStyle = Automatic;
					};
					D2F86CED1F9698ED00D90014 = {
						CreatedOnToolsVersion = 9.0;
						ProvisioningStyle = Automatic;
						TestTargetID = D2F86CD91F9698ED00D90014;
					};
				};
			};
			buildConfigurationList = D2F86CD51F9698ED00D90014 /* Build configuration list for PBXProject "Filer Reader" */;
			compatibilityVersion = "Xcode 8.0";
			developmentRegion = en;
			hasScannedForEncodings = 0;
			knownRegions = (
				en,
				Base,
			);
			mainGroup = D2F86CD11F9698ED00D90014;
			productRefGroup = D2F86CDB1F9698ED00D90014 /* Products */;
			projectDirPath = "";
			projectRoot = "";
			targets = (
				D2F86CD91F9698ED00D90014 /* Filer Reader Small */,
				D2E670001F9806CF002EB5AA /* Filer Reader Big */,
				D2F86CED1F9698ED00D90014 /* Filer ReaderTests */,
			);
		};
/* End PBXProject section */

/* Begin PBXResourcesBuildPhase section */
		D2E6700C1F9806CF002EB5AA /* Resources */ = {
			isa = PBXResourcesBuildPhase;
			buildActionMask = 2147483647;
			files = (
				D2E6700E1F9806CF002EB5AA /* Localizable.strings in Resources */,
				D2E6700F1F9806CF002EB5AA /* LaunchScreen.storyboard in Resources */,
				D2E670101F9806CF002EB5AA /* Assets.xcassets in Resources */,
				D2E670111F9806CF002EB5AA /* inputText.txt in Resources */,
				D2E670121F9806CF002EB5AA /* Main.storyboard in Resources */,
			);
			runOnlyForDeploymentPostprocessing = 0;
		};
		D2F86CD81F9698ED00D90014 /* Resources */ = {
			isa = PBXResourcesBuildPhase;
			buildActionMask = 2147483647;
			files = (
				D2E66FFF1F97EED1002EB5AA /* Localizable.strings in Resources */,
				D2F86CE81F9698ED00D90014 /* LaunchScreen.storyboard in Resources */,
				D2F86CE51F9698ED00D90014 /* Assets.xcassets in Resources */,
				D2E6701A1F980739002EB5AA /* inputText.txt in Resources */,
				D2F86CE31F9698ED00D90014 /* Main.storyboard in Resources */,
			);
			runOnlyForDeploymentPostprocessing = 0;
		};
		D2F86CEC1F9698ED00D90014 /* Resources */ = {
			isa = PBXResourcesBuildPhase;
			buildActionMask = 2147483647;
			files = (
			);
			runOnlyForDeploymentPostprocessing = 0;
		};
/* End PBXResourcesBuildPhase section */

/* Begin PBXShellScriptBuildPhase section */
		17A950F427A87EE4A0E7C54E /* [CP] Embed Pods Frameworks */ = {
			isa = PBXShellScriptBuildPhase;
			buildActionMask = 2147483647;
			files = (
			);
			inputPaths = (
			);
			name = "[CP] Embed Pods Frameworks";
			outputPaths = (
			);
			runOnlyForDeploymentPostprocessing = 0;
			shellPath = /bin/sh;
			shellScript = "\"${SRCROOT}/Pods/Target Support Files/Pods-Filer ReaderTests/Pods-Filer ReaderTests-frameworks.sh\"\n";
			showEnvVarsInLog = 0;
		};
		550B322C20176DA6AE7DB1C7 /* [CP] Check Pods Manifest.lock */ = {
			isa = PBXShellScriptBuildPhase;
			buildActionMask = 2147483647;
			files = (
			);
			inputPaths = (
				"${PODS_PODFILE_DIR_PATH}/Podfile.lock",
				"${PODS_ROOT}/Manifest.lock",
			);
			name = "[CP] Check Pods Manifest.lock";
			outputPaths = (
				"$(DERIVED_FILE_DIR)/Pods-Filer ReaderTests-checkManifestLockResult.txt",
			);
			runOnlyForDeploymentPostprocessing = 0;
			shellPath = /bin/sh;
			shellScript = "diff \"${PODS_PODFILE_DIR_PATH}/Podfile.lock\" \"${PODS_ROOT}/Manifest.lock\" > /dev/null\nif [ $? != 0 ] ; then\n    # print error to STDERR\n    echo \"error: The sandbox is not in sync with the Podfile.lock. Run 'pod install' or update your CocoaPods installation.\" >&2\n    exit 1\nfi\n";
			showEnvVarsInLog = 0;
		};
		71CF3C91574CF50221681003 /* [CP] Check Pods Manifest.lock */ = {
			isa = PBXShellScriptBuildPhase;
			buildActionMask = 2147483647;
			files = (
			);
			inputPaths = (
				"${PODS_PODFILE_DIR_PATH}/Podfile.lock",
				"${PODS_ROOT}/Manifest.lock",
			);
			name = "[CP] Check Pods Manifest.lock";
			outputPaths = (
				"$(DERIVED_FILE_DIR)/Pods-Filer Reader-checkManifestLockResult.txt",
			);
			runOnlyForDeploymentPostprocessing = 0;
			shellPath = /bin/sh;
			shellScript = "diff \"${PODS_PODFILE_DIR_PATH}/Podfile.lock\" \"${PODS_ROOT}/Manifest.lock\" > /dev/null\nif [ $? != 0 ] ; then\n    # print error to STDERR\n    echo \"error: The sandbox is not in sync with the Podfile.lock. Run 'pod install' or update your CocoaPods installation.\" >&2\n    exit 1\nfi\n";
			showEnvVarsInLog = 0;
		};
		CC49E305B00805CB68B39A78 /* [CP] Embed Pods Frameworks */ = {
			isa = PBXShellScriptBuildPhase;
			buildActionMask = 2147483647;
			files = (
			);
			inputPaths = (
			);
			name = "[CP] Embed Pods Frameworks";
			outputPaths = (
			);
			runOnlyForDeploymentPostprocessing = 0;
			shellPath = /bin/sh;
			shellScript = "\"${SRCROOT}/Pods/Target Support Files/Pods-Filer Reader/Pods-Filer Reader-frameworks.sh\"\n";
			showEnvVarsInLog = 0;
		};
		D2E670011F9806CF002EB5AA /* [CP] Check Pods Manifest.lock */ = {
			isa = PBXShellScriptBuildPhase;
			buildActionMask = 2147483647;
			files = (
			);
			inputPaths = (
				"${PODS_PODFILE_DIR_PATH}/Podfile.lock",
				"${PODS_ROOT}/Manifest.lock",
			);
			name = "[CP] Check Pods Manifest.lock";
			outputPaths = (
				"$(DERIVED_FILE_DIR)/Pods-Filer Reader-checkManifestLockResult.txt",
			);
			runOnlyForDeploymentPostprocessing = 0;
			shellPath = /bin/sh;
			shellScript = "diff \"${PODS_PODFILE_DIR_PATH}/Podfile.lock\" \"${PODS_ROOT}/Manifest.lock\" > /dev/null\nif [ $? != 0 ] ; then\n    # print error to STDERR\n    echo \"error: The sandbox is not in sync with the Podfile.lock. Run 'pod install' or update your CocoaPods installation.\" >&2\n    exit 1\nfi\n";
			showEnvVarsInLog = 0;
		};
		D2E670131F9806CF002EB5AA /* [CP] Embed Pods Frameworks */ = {
			isa = PBXShellScriptBuildPhase;
			buildActionMask = 2147483647;
			files = (
			);
			inputPaths = (
			);
			name = "[CP] Embed Pods Frameworks";
			outputPaths = (
			);
			runOnlyForDeploymentPostprocessing = 0;
			shellPath = /bin/sh;
			shellScript = "\"${SRCROOT}/Pods/Target Support Files/Pods-Filer Reader/Pods-Filer Reader-frameworks.sh\"\n";
			showEnvVarsInLog = 0;
		};
		D2E670141F9806CF002EB5AA /* [CP] Copy Pods Resources */ = {
			isa = PBXShellScriptBuildPhase;
			buildActionMask = 2147483647;
			files = (
			);
			inputPaths = (
			);
			name = "[CP] Copy Pods Resources";
			outputPaths = (
			);
			runOnlyForDeploymentPostprocessing = 0;
			shellPath = /bin/sh;
			shellScript = "\"${SRCROOT}/Pods/Target Support Files/Pods-Filer Reader/Pods-Filer Reader-resources.sh\"\n";
			showEnvVarsInLog = 0;
		};
		EC04DB5D7B5758892B96764F /* [CP] Copy Pods Resources */ = {
			isa = PBXShellScriptBuildPhase;
			buildActionMask = 2147483647;
			files = (
			);
			inputPaths = (
			);
			name = "[CP] Copy Pods Resources";
			outputPaths = (
			);
			runOnlyForDeploymentPostprocessing = 0;
			shellPath = /bin/sh;
			shellScript = "\"${SRCROOT}/Pods/Target Support Files/Pods-Filer Reader/Pods-Filer Reader-resources.sh\"\n";
			showEnvVarsInLog = 0;
		};
		F20613697F4DC3D9357AEFBE /* [CP] Copy Pods Resources */ = {
			isa = PBXShellScriptBuildPhase;
			buildActionMask = 2147483647;
			files = (
			);
			inputPaths = (
			);
			name = "[CP] Copy Pods Resources";
			outputPaths = (
			);
			runOnlyForDeploymentPostprocessing = 0;
			shellPath = /bin/sh;
			shellScript = "\"${SRCROOT}/Pods/Target Support Files/Pods-Filer ReaderTests/Pods-Filer ReaderTests-resources.sh\"\n";
			showEnvVarsInLog = 0;
		};
/* End PBXShellScriptBuildPhase section */

/* Begin PBXSourcesBuildPhase section */
		D2E670021F9806CF002EB5AA /* Sources */ = {
			isa = PBXSourcesBuildPhase;
			buildActionMask = 2147483647;
			files = (
				D2E670031F9806CF002EB5AA /* FIleReaderManager.swift in Sources */,
				D2E670041F9806CF002EB5AA /* FRSpinner.swift in Sources */,
				D2E670051F9806CF002EB5AA /* FRWordTableViewCell.swift in Sources */,
				D2E670061F9806CF002EB5AA /* UIColor+Corporate.swift in Sources */,
				D2E670071F9806CF002EB5AA /* WordCountModel.swift in Sources */,
				D2E670081F9806CF002EB5AA /* ViewController.swift in Sources */,
				D2E670091F9806CF002EB5AA /* AppDelegate.swift in Sources */,
			);
			runOnlyForDeploymentPostprocessing = 0;
		};
		D2F86CD61F9698ED00D90014 /* Sources */ = {
			isa = PBXSourcesBuildPhase;
			buildActionMask = 2147483647;
			files = (
				D2B793A21F969CBB0030A84C /* FIleReaderManager.swift in Sources */,
				6938C1A01F978056008BCDD0 /* FRSpinner.swift in Sources */,
				6938C1A11F978056008BCDD0 /* FRWordTableViewCell.swift in Sources */,
				6938C1961F977EF8008BCDD0 /* UIColor+Corporate.swift in Sources */,
				D2B793A71F96A0760030A84C /* WordCountModel.swift in Sources */,
				D2B7939F1F969C750030A84C /* ViewController.swift in Sources */,
				D2F86CDE1F9698ED00D90014 /* AppDelegate.swift in Sources */,
			);
			runOnlyForDeploymentPostprocessing = 0;
		};
		D2F86CEA1F9698ED00D90014 /* Sources */ = {
			isa = PBXSourcesBuildPhase;
			buildActionMask = 2147483647;
			files = (
				D2F86CF31F9698ED00D90014 /* Filer_ReaderTests.swift in Sources */,
			);
			runOnlyForDeploymentPostprocessing = 0;
		};
/* End PBXSourcesBuildPhase section */

/* Begin PBXTargetDependency section */
		D2F86CF01F9698ED00D90014 /* PBXTargetDependency */ = {
			isa = PBXTargetDependency;
			target = D2F86CD91F9698ED00D90014 /* Filer Reader Small */;
			targetProxy = D2F86CEF1F9698ED00D90014 /* PBXContainerItemProxy */;
		};
/* End PBXTargetDependency section */

/* Begin PBXVariantGroup section */
		D2F86CE11F9698ED00D90014 /* Main.storyboard */ = {
			isa = PBXVariantGroup;
			children = (
				D2F86CE21F9698ED00D90014 /* Base */,
			);
			name = Main.storyboard;
			sourceTree = "<group>";
		};
		D2F86CE61F9698ED00D90014 /* LaunchScreen.storyboard */ = {
			isa = PBXVariantGroup;
			children = (
				D2F86CE71F9698ED00D90014 /* Base */,
			);
			name = LaunchScreen.storyboard;
			sourceTree = "<group>";
		};
/* End PBXVariantGroup section */

/* Begin XCBuildConfiguration section */
		D2E670161F9806CF002EB5AA /* Debug */ = {
			isa = XCBuildConfiguration;
			baseConfigurationReference = 04A6153A17A01BB022B32208 /* Pods-Filer Reader.debug.xcconfig */;
			buildSettings = {
				ASSETCATALOG_COMPILER_APPICON_NAME = AppIcon;
				CODE_SIGN_STYLE = Automatic;
				INFOPLIST_FILE = "Filer Reader copy-Info.plist";
				LD_RUNPATH_SEARCH_PATHS = "$(inherited) @executable_path/Frameworks";
				PRODUCT_BUNDLE_IDENTIFIER = "com.ragden.Filer-Reader";
				PRODUCT_NAME = "$(TARGET_NAME)";
				SWIFT_VERSION = 4.0;
				TARGETED_DEVICE_FAMILY = "1,2";
			};
			name = Debug;
		};
		D2E670171F9806CF002EB5AA /* Release */ = {
			isa = XCBuildConfiguration;
			baseConfigurationReference = 959EBC451A983C5AB05AE8C2 /* Pods-Filer Reader.release.xcconfig */;
			buildSettings = {
				ASSETCATALOG_COMPILER_APPICON_NAME = AppIcon;
				CODE_SIGN_STYLE = Automatic;
				INFOPLIST_FILE = "Filer Reader copy-Info.plist";
				LD_RUNPATH_SEARCH_PATHS = "$(inherited) @executable_path/Frameworks";
				PRODUCT_BUNDLE_IDENTIFIER = "com.ragden.Filer-Reader";
				PRODUCT_NAME = "$(TARGET_NAME)";
				SWIFT_VERSION = 4.0;
				TARGETED_DEVICE_FAMILY = "1,2";
			};
			name = Release;
		};
		D2F86CF51F9698ED00D90014 /* Debug */ = {
			isa = XCBuildConfiguration;
			buildSettings = {
				ALWAYS_SEARCH_USER_PATHS = NO;
				CLANG_ANALYZER_NONNULL = YES;
				CLANG_ANALYZER_NUMBER_OBJECT_CONVERSION = YES_AGGRESSIVE;
				CLANG_CXX_LANGUAGE_STANDARD = "gnu++14";
				CLANG_CXX_LIBRARY = "libc++";
				CLANG_ENABLE_MODULES = YES;
				CLANG_ENABLE_OBJC_ARC = YES;
				CLANG_WARN_BLOCK_CAPTURE_AUTORELEASING = YES;
				CLANG_WARN_BOOL_CONVERSION = YES;
				CLANG_WARN_COMMA = YES;
				CLANG_WARN_CONSTANT_CONVERSION = YES;
				CLANG_WARN_DIRECT_OBJC_ISA_USAGE = YES_ERROR;
				CLANG_WARN_DOCUMENTATION_COMMENTS = YES;
				CLANG_WARN_EMPTY_BODY = YES;
				CLANG_WARN_ENUM_CONVERSION = YES;
				CLANG_WARN_INFINITE_RECURSION = YES;
				CLANG_WARN_INT_CONVERSION = YES;
				CLANG_WARN_NON_LITERAL_NULL_CONVERSION = YES;
				CLANG_WARN_OBJC_LITERAL_CONVERSION = YES;
				CLANG_WARN_OBJC_ROOT_CLASS = YES_ERROR;
				CLANG_WARN_RANGE_LOOP_ANALYSIS = YES;
				CLANG_WARN_STRICT_PROTOTYPES = YES;
				CLANG_WARN_SUSPICIOUS_MOVE = YES;
				CLANG_WARN_UNGUARDED_AVAILABILITY = YES_AGGRESSIVE;
				CLANG_WARN_UNREACHABLE_CODE = YES;
				CLANG_WARN__DUPLICATE_METHOD_MATCH = YES;
				CODE_SIGN_IDENTITY = "iPhone Developer";
				COPY_PHASE_STRIP = NO;
				DEBUG_INFORMATION_FORMAT = dwarf;
				ENABLE_STRICT_OBJC_MSGSEND = YES;
				ENABLE_TESTABILITY = YES;
				GCC_C_LANGUAGE_STANDARD = gnu11;
				GCC_DYNAMIC_NO_PIC = NO;
				GCC_NO_COMMON_BLOCKS = YES;
				GCC_OPTIMIZATION_LEVEL = 0;
				GCC_PREPROCESSOR_DEFINITIONS = (
					"DEBUG=1",
					"$(inherited)",
				);
				GCC_WARN_64_TO_32_BIT_CONVERSION = YES;
				GCC_WARN_ABOUT_RETURN_TYPE = YES_ERROR;
				GCC_WARN_UNDECLARED_SELECTOR = YES;
				GCC_WARN_UNINITIALIZED_AUTOS = YES_AGGRESSIVE;
				GCC_WARN_UNUSED_FUNCTION = YES;
				GCC_WARN_UNUSED_VARIABLE = YES;
				IPHONEOS_DEPLOYMENT_TARGET = 11.0;
				MTL_ENABLE_DEBUG_INFO = YES;
				ONLY_ACTIVE_ARCH = YES;
				SDKROOT = iphoneos;
				SWIFT_ACTIVE_COMPILATION_CONDITIONS = DEBUG;
				SWIFT_OPTIMIZATION_LEVEL = "-Onone";
			};
			name = Debug;
		};
		D2F86CF61F9698ED00D90014 /* Release */ = {
			isa = XCBuildConfiguration;
			buildSettings = {
				ALWAYS_SEARCH_USER_PATHS = NO;
				CLANG_ANALYZER_NONNULL = YES;
				CLANG_ANALYZER_NUMBER_OBJECT_CONVERSION = YES_AGGRESSIVE;
				CLANG_CXX_LANGUAGE_STANDARD = "gnu++14";
				CLANG_CXX_LIBRARY = "libc++";
				CLANG_ENABLE_MODULES = YES;
				CLANG_ENABLE_OBJC_ARC = YES;
				CLANG_WARN_BLOCK_CAPTURE_AUTORELEASING = YES;
				CLANG_WARN_BOOL_CONVERSION = YES;
				CLANG_WARN_COMMA = YES;
				CLANG_WARN_CONSTANT_CONVERSION = YES;
				CLANG_WARN_DIRECT_OBJC_ISA_USAGE = YES_ERROR;
				CLANG_WARN_DOCUMENTATION_COMMENTS = YES;
				CLANG_WARN_EMPTY_BODY = YES;
				CLANG_WARN_ENUM_CONVERSION = YES;
				CLANG_WARN_INFINITE_RECURSION = YES;
				CLANG_WARN_INT_CONVERSION = YES;
				CLANG_WARN_NON_LITERAL_NULL_CONVERSION = YES;
				CLANG_WARN_OBJC_LITERAL_CONVERSION = YES;
				CLANG_WARN_OBJC_ROOT_CLASS = YES_ERROR;
				CLANG_WARN_RANGE_LOOP_ANALYSIS = YES;
				CLANG_WARN_STRICT_PROTOTYPES = YES;
				CLANG_WARN_SUSPICIOUS_MOVE = YES;
				CLANG_WARN_UNGUARDED_AVAILABILITY = YES_AGGRESSIVE;
				CLANG_WARN_UNREACHABLE_CODE = YES;
				CLANG_WARN__DUPLICATE_METHOD_MATCH = YES;
				CODE_SIGN_IDENTITY = "iPhone Developer";
				COPY_PHASE_STRIP = NO;
				DEBUG_INFORMATION_FORMAT = "dwarf-with-dsym";
				ENABLE_NS_ASSERTIONS = NO;
				ENABLE_STRICT_OBJC_MSGSEND = YES;
				GCC_C_LANGUAGE_STANDARD = gnu11;
				GCC_NO_COMMON_BLOCKS = YES;
				GCC_WARN_64_TO_32_BIT_CONVERSION = YES;
				GCC_WARN_ABOUT_RETURN_TYPE = YES_ERROR;
				GCC_WARN_UNDECLARED_SELECTOR = YES;
				GCC_WARN_UNINITIALIZED_AUTOS = YES_AGGRESSIVE;
				GCC_WARN_UNUSED_FUNCTION = YES;
				GCC_WARN_UNUSED_VARIABLE = YES;
				IPHONEOS_DEPLOYMENT_TARGET = 11.0;
				MTL_ENABLE_DEBUG_INFO = NO;
				SDKROOT = iphoneos;
				SWIFT_OPTIMIZATION_LEVEL = "-Owholemodule";
				VALIDATE_PRODUCT = YES;
			};
			name = Release;
		};
		D2F86CF81F9698ED00D90014 /* Debug */ = {
			isa = XCBuildConfiguration;
			baseConfigurationReference = 04A6153A17A01BB022B32208 /* Pods-Filer Reader.debug.xcconfig */;
			buildSettings = {
				ASSETCATALOG_COMPILER_APPICON_NAME = AppIcon;
				CODE_SIGN_STYLE = Automatic;
				INFOPLIST_FILE = "Filer Reader/Info.plist";
				LD_RUNPATH_SEARCH_PATHS = "$(inherited) @executable_path/Frameworks";
				PRODUCT_BUNDLE_IDENTIFIER = "com.ragden.Filer-Reader";
				PRODUCT_NAME = "$(TARGET_NAME)";
				SWIFT_VERSION = 4.0;
				TARGETED_DEVICE_FAMILY = "1,2";
			};
			name = Debug;
		};
		D2F86CF91F9698ED00D90014 /* Release */ = {
			isa = XCBuildConfiguration;
			baseConfigurationReference = 959EBC451A983C5AB05AE8C2 /* Pods-Filer Reader.release.xcconfig */;
			buildSettings = {
				ASSETCATALOG_COMPILER_APPICON_NAME = AppIcon;
				CODE_SIGN_STYLE = Automatic;
				INFOPLIST_FILE = "Filer Reader/Info.plist";
				LD_RUNPATH_SEARCH_PATHS = "$(inherited) @executable_path/Frameworks";
				PRODUCT_BUNDLE_IDENTIFIER = "com.ragden.Filer-Reader";
				PRODUCT_NAME = "$(TARGET_NAME)";
				SWIFT_VERSION = 4.0;
				TARGETED_DEVICE_FAMILY = "1,2";
			};
			name = Release;
		};
		D2F86CFB1F9698ED00D90014 /* Debug */ = {
			isa = XCBuildConfiguration;
			baseConfigurationReference = C5E3C18B580BE0AC9FD25AA9 /* Pods-Filer ReaderTests.debug.xcconfig */;
			buildSettings = {
				ALWAYS_EMBED_SWIFT_STANDARD_LIBRARIES = YES;
				BUNDLE_LOADER = "$(TEST_HOST)";
				CODE_SIGN_STYLE = Automatic;
				INFOPLIST_FILE = "Filer ReaderTests/Info.plist";
				LD_RUNPATH_SEARCH_PATHS = "$(inherited) @executable_path/Frameworks @loader_path/Frameworks";
				PRODUCT_BUNDLE_IDENTIFIER = "com.ragden.Filer-ReaderTests";
				PRODUCT_NAME = "$(TARGET_NAME)";
				SWIFT_VERSION = 4.0;
				TARGETED_DEVICE_FAMILY = "1,2";
				TEST_HOST = "$(BUILT_PRODUCTS_DIR)/Filer Reader.app/Filer Reader";
			};
			name = Debug;
		};
		D2F86CFC1F9698ED00D90014 /* Release */ = {
			isa = XCBuildConfiguration;
			baseConfigurationReference = 739C1F742B6D109E4D11E2DA /* Pods-Filer ReaderTests.release.xcconfig */;
			buildSettings = {
				ALWAYS_EMBED_SWIFT_STANDARD_LIBRARIES = YES;
				BUNDLE_LOADER = "$(TEST_HOST)";
				CODE_SIGN_STYLE = Automatic;
				INFOPLIST_FILE = "Filer ReaderTests/Info.plist";
				LD_RUNPATH_SEARCH_PATHS = "$(inherited) @executable_path/Frameworks @loader_path/Frameworks";
				PRODUCT_BUNDLE_IDENTIFIER = "com.ragden.Filer-ReaderTests";
				PRODUCT_NAME = "$(TARGET_NAME)";
				SWIFT_VERSION = 4.0;
				TARGETED_DEVICE_FAMILY = "1,2";
				TEST_HOST = "$(BUILT_PRODUCTS_DIR)/Filer Reader.app/Filer Reader";
			};
			name = Release;
		};
/* End XCBuildConfiguration section */

/* Begin XCConfigurationList section */
		D2E670151F9806CF002EB5AA /* Build configuration list for PBXNativeTarget "Filer Reader Big" */ = {
			isa = XCConfigurationList;
			buildConfigurations = (
				D2E670161F9806CF002EB5AA /* Debug */,
				D2E670171F9806CF002EB5AA /* Release */,
			);
			defaultConfigurationIsVisible = 0;
			defaultConfigurationName = Release;
		};
		D2F86CD51F9698ED00D90014 /* Build configuration list for PBXProject "Filer Reader" */ = {
			isa = XCConfigurationList;
			buildConfigurations = (
				D2F86CF51F9698ED00D90014 /* Debug */,
				D2F86CF61F9698ED00D90014 /* Release */,
			);
			defaultConfigurationIsVisible = 0;
			defaultConfigurationName = Release;
		};
		D2F86CF71F9698ED00D90014 /* Build configuration list for PBXNativeTarget "Filer Reader Small" */ = {
			isa = XCConfigurationList;
			buildConfigurations = (
				D2F86CF81F9698ED00D90014 /* Debug */,
				D2F86CF91F9698ED00D90014 /* Release */,
			);
			defaultConfigurationIsVisible = 0;
			defaultConfigurationName = Release;
		};
		D2F86CFA1F9698ED00D90014 /* Build configuration list for PBXNativeTarget "Filer ReaderTests" */ = {
			isa = XCConfigurationList;
			buildConfigurations = (
				D2F86CFB1F9698ED00D90014 /* Debug */,
				D2F86CFC1F9698ED00D90014 /* Release */,
			);
			defaultConfigurationIsVisible = 0;
			defaultConfigurationName = Release;
		};
/* End XCConfigurationList section */
	};
	rootObject = D2F86CD21F9698ED00D90014 /* Project object */;
}
